
Microsoft Visual Studio Solution File, Format Version 12.00
# Visual Studio 14
VisualStudioVersion = 14.0.25420.1
MinimumVisualStudioVersion = 10.0.40219.1
Project("{FAE04EC0-301F-11D3-BF4B-00C04F79EFBC}") = "DAL", "DAL\DAL.csproj", "{9A15B90E-2724-4D36-BA1A-0219EBAF4127}"
EndProject
Project("{FAE04EC0-301F-11D3-BF4B-00C04F79EFBC}") = "SAL", "SAL\SAL.csproj", "{FFCC20E7-E565-4AD3-B42D-912CA57FC17A}"
EndProject
Project("{FAE04EC0-301F-11D3-BF4B-00C04F79EFBC}") = "BLL", "BLL\BLL.csproj", "{5B3314CA-20D0-4018-A81E-06DB288AD902}"
EndProject
Project("{FAE04EC0-301F-11D3-BF4B-00C04F79EFBC}") = "AndroidApp", "AndroidApp\AndroidApp.csproj", "{8D19230E-0F87-4B2C-9E6D-957B6452B1D0}"
EndProject
Project("{FAE04EC0-301F-11D3-BF4B-00C04F79EFBC}") = "iOSApp", "iOSApp\iOSApp.csproj", "{56D6948F-4C25-4B22-81E6-55AC50064182}"
EndProject
Global
	GlobalSection(SolutionConfigurationPlatforms) = preSolution
		Ad-Hoc|Any CPU = Ad-Hoc|Any CPU
		Ad-Hoc|iPhone = Ad-Hoc|iPhone
		Ad-Hoc|iPhoneSimulator = Ad-Hoc|iPhoneSimulator
		AppStore|Any CPU = AppStore|Any CPU
		AppStore|iPhone = AppStore|iPhone
		AppStore|iPhoneSimulator = AppStore|iPhoneSimulator
		Debug|Any CPU = Debug|Any CPU
		Debug|iPhone = Debug|iPhone
		Debug|iPhoneSimulator = Debug|iPhoneSimulator
		Release|Any CPU = Release|Any CPU
		Release|iPhone = Release|iPhone
		Release|iPhoneSimulator = Release|iPhoneSimulator
	EndGlobalSection
	GlobalSection(ProjectConfigurationPlatforms) = postSolution
		{9A15B90E-2724-4D36-BA1A-0219EBAF4127}.Ad-Hoc|Any CPU.ActiveCfg = Release|Any CPU
		{9A15B90E-2724-4D36-BA1A-0219EBAF4127}.Ad-Hoc|Any CPU.Build.0 = Release|Any CPU
		{9A15B90E-2724-4D36-BA1A-0219EBAF4127}.Ad-Hoc|iPhone.ActiveCfg = Release|Any CPU
		{9A15B90E-2724-4D36-BA1A-0219EBAF4127}.Ad-Hoc|iPhone.Build.0 = Release|Any CPU
		{9A15B90E-2724-4D36-BA1A-0219EBAF4127}.Ad-Hoc|iPhoneSimulator.ActiveCfg = Release|Any CPU
		{9A15B90E-2724-4D36-BA1A-0219EBAF4127}.Ad-Hoc|iPhoneSimulator.Build.0 = Release|Any CPU
		{9A15B90E-2724-4D36-BA1A-0219EBAF4127}.AppStore|Any CPU.ActiveCfg = Release|Any CPU
		{9A15B90E-2724-4D36-BA1A-0219EBAF4127}.AppStore|Any CPU.Build.0 = Release|Any CPU
		{9A15B90E-2724-4D36-BA1A-0219EBAF4127}.AppStore|iPhone.ActiveCfg = Release|Any CPU
		{9A15B90E-2724-4D36-BA1A-0219EBAF4127}.AppStore|iPhone.Build.0 = Release|Any CPU
		{9A15B90E-2724-4D36-BA1A-0219EBAF4127}.AppStore|iPhoneSimulator.ActiveCfg = Release|Any CPU
		{9A15B90E-2724-4D36-BA1A-0219EBAF4127}.AppStore|iPhoneSimulator.Build.0 = Release|Any CPU
		{9A15B90E-2724-4D36-BA1A-0219EBAF4127}.Debug|Any CPU.ActiveCfg = Debug|Any CPU
		{9A15B90E-2724-4D36-BA1A-0219EBAF4127}.Debug|Any CPU.Build.0 = Debug|Any CPU
		{9A15B90E-2724-4D36-BA1A-0219EBAF4127}.Debug|iPhone.ActiveCfg = Debug|Any CPU
		{9A15B90E-2724-4D36-BA1A-0219EBAF4127}.Debug|iPhone.Build.0 = Debug|Any CPU
		{9A15B90E-2724-4D36-BA1A-0219EBAF4127}.Debug|iPhoneSimulator.ActiveCfg = Debug|Any CPU
		{9A15B90E-2724-4D36-BA1A-0219EBAF4127}.Debug|iPhoneSimulator.Build.0 = Debug|Any CPU
		{9A15B90E-2724-4D36-BA1A-0219EBAF4127}.Release|Any CPU.ActiveCfg = Release|Any CPU
		{9A15B90E-2724-4D36-BA1A-0219EBAF4127}.Release|Any CPU.Build.0 = Release|Any CPU
		{9A15B90E-2724-4D36-BA1A-0219EBAF4127}.Release|iPhone.ActiveCfg = Release|Any CPU
		{9A15B90E-2724-4D36-BA1A-0219EBAF4127}.Release|iPhone.Build.0 = Release|Any CPU
		{9A15B90E-2724-4D36-BA1A-0219EBAF4127}.Release|iPhoneSimulator.ActiveCfg = Release|Any CPU
		{9A15B90E-2724-4D36-BA1A-0219EBAF4127}.Release|iPhoneSimulator.Build.0 = Release|Any CPU
		{FFCC20E7-E565-4AD3-B42D-912CA57FC17A}.Ad-Hoc|Any CPU.ActiveCfg = Release|Any CPU
		{FFCC20E7-E565-4AD3-B42D-912CA57FC17A}.Ad-Hoc|Any CPU.Build.0 = Release|Any CPU
		{FFCC20E7-E565-4AD3-B42D-912CA57FC17A}.Ad-Hoc|iPhone.ActiveCfg = Release|Any CPU
		{FFCC20E7-E565-4AD3-B42D-912CA57FC17A}.Ad-Hoc|iPhone.Build.0 = Release|Any CPU
		{FFCC20E7-E565-4AD3-B42D-912CA57FC17A}.Ad-Hoc|iPhoneSimulator.ActiveCfg = Release|Any CPU
		{FFCC20E7-E565-4AD3-B42D-912CA57FC17A}.Ad-Hoc|iPhoneSimulator.Build.0 = Release|Any CPU
		{FFCC20E7-E565-4AD3-B42D-912CA57FC17A}.AppStore|Any CPU.ActiveCfg = Release|Any CPU
		{FFCC20E7-E565-4AD3-B42D-912CA57FC17A}.AppStore|Any CPU.Build.0 = Release|Any CPU
		{FFCC20E7-E565-4AD3-B42D-912CA57FC17A}.AppStore|iPhone.ActiveCfg = Release|Any CPU
		{FFCC20E7-E565-4AD3-B42D-912CA57FC17A}.AppStore|iPhone.Build.0 = Release|Any CPU
		{FFCC20E7-E565-4AD3-B42D-912CA57FC17A}.AppStore|iPhoneSimulator.ActiveCfg = Release|Any CPU
		{FFCC20E7-E565-4AD3-B42D-912CA57FC17A}.AppStore|iPhoneSimulator.Build.0 = Release|Any CPU
		{FFCC20E7-E565-4AD3-B42D-912CA57FC17A}.Debug|Any CPU.ActiveCfg = Debug|Any CPU
		{FFCC20E7-E565-4AD3-B42D-912CA57FC17A}.Debug|Any CPU.Build.0 = Debug|Any CPU
		{FFCC20E7-E565-4AD3-B42D-912CA57FC17A}.Debug|iPhone.ActiveCfg = Debug|Any CPU
		{FFCC20E7-E565-4AD3-B42D-912CA57FC17A}.Debug|iPhone.Build.0 = Debug|Any CPU
		{FFCC20E7-E565-4AD3-B42D-912CA57FC17A}.Debug|iPhoneSimulator.ActiveCfg = Debug|Any CPU
		{FFCC20E7-E565-4AD3-B42D-912CA57FC17A}.Debug|iPhoneSimulator.Build.0 = Debug|Any CPU
		{FFCC20E7-E565-4AD3-B42D-912CA57FC17A}.Release|Any CPU.ActiveCfg = Release|Any CPU
		{FFCC20E7-E565-4AD3-B42D-912CA57FC17A}.Release|Any CPU.Build.0 = Release|Any CPU
		{FFCC20E7-E565-4AD3-B42D-912CA57FC17A}.Release|iPhone.ActiveCfg = Release|Any CPU
		{FFCC20E7-E565-4AD3-B42D-912CA57FC17A}.Release|iPhone.Build.0 = Release|Any CPU
		{FFCC20E7-E565-4AD3-B42D-912CA57FC17A}.Release|iPhoneSimulator.ActiveCfg = Release|Any CPU
		{FFCC20E7-E565-4AD3-B42D-912CA57FC17A}.Release|iPhoneSimulator.Build.0 = Release|Any CPU
		{5B3314CA-20D0-4018-A81E-06DB288AD902}.Ad-Hoc|Any CPU.ActiveCfg = Release|Any CPU
		{5B3314CA-20D0-4018-A81E-06DB288AD902}.Ad-Hoc|Any CPU.Build.0 = Release|Any CPU
		{5B3314CA-20D0-4018-A81E-06DB288AD902}.Ad-Hoc|iPhone.ActiveCfg = Release|Any CPU
		{5B3314CA-20D0-4018-A81E-06DB288AD902}.Ad-Hoc|iPhone.Build.0 = Release|Any CPU
		{5B3314CA-20D0-4018-A81E-06DB288AD902}.Ad-Hoc|iPhoneSimulator.ActiveCfg = Release|Any CPU
		{5B3314CA-20D0-4018-A81E-06DB288AD902}.Ad-Hoc|iPhoneSimulator.Build.0 = Release|Any CPU
		{5B3314CA-20D0-4018-A81E-06DB288AD902}.AppStore|Any CPU.ActiveCfg = Release|Any CPU
		{5B3314CA-20D0-4018-A81E-06DB288AD902}.AppStore|Any CPU.Build.0 = Release|Any CPU
		{5B3314CA-20D0-4018-A81E-06DB288AD902}.AppStore|iPhone.ActiveCfg = Release|Any CPU
		{5B3314CA-20D0-4018-A81E-06DB288AD902}.AppStore|iPhone.Build.0 = Release|Any CPU
		{5B3314CA-20D0-4018-A81E-06DB288AD902}.AppStore|iPhoneSimulator.ActiveCfg = Release|Any CPU
		{5B3314CA-20D0-4018-A81E-06DB288AD902}.AppStore|iPhoneSimulator.Build.0 = Release|Any CPU
		{5B3314CA-20D0-4018-A81E-06DB288AD902}.Debug|Any CPU.ActiveCfg = Debug|Any CPU
		{5B3314CA-20D0-4018-A81E-06DB288AD902}.Debug|Any CPU.Build.0 = Debug|Any CPU
		{5B3314CA-20D0-4018-A81E-06DB288AD902}.Debug|iPhone.ActiveCfg = Debug|Any CPU
		{5B3314CA-20D0-4018-A81E-06DB288AD902}.Debug|iPhone.Build.0 = Debug|Any CPU
		{5B3314CA-20D0-4018-A81E-06DB288AD902}.Debug|iPhoneSimulator.ActiveCfg = Debug|Any CPU
		{5B3314CA-20D0-4018-A81E-06DB288AD902}.Debug|iPhoneSimulator.Build.0 = Debug|Any CPU
		{5B3314CA-20D0-4018-A81E-06DB288AD902}.Release|Any CPU.ActiveCfg = Release|Any CPU
		{5B3314CA-20D0-4018-A81E-06DB288AD902}.Release|Any CPU.Build.0 = Release|Any CPU
		{5B3314CA-20D0-4018-A81E-06DB288AD902}.Release|iPhone.ActiveCfg = Release|Any CPU
		{5B3314CA-20D0-4018-A81E-06DB288AD902}.Release|iPhone.Build.0 = Release|Any CPU
		{5B3314CA-20D0-4018-A81E-06DB288AD902}.Release|iPhoneSimulator.ActiveCfg = Release|Any CPU
		{5B3314CA-20D0-4018-A81E-06DB288AD902}.Release|iPhoneSimulator.Build.0 = Release|Any CPU
		{8D19230E-0F87-4B2C-9E6D-957B6452B1D0}.Ad-Hoc|Any CPU.ActiveCfg = Release|Any CPU
		{8D19230E-0F87-4B2C-9E6D-957B6452B1D0}.Ad-Hoc|Any CPU.Build.0 = Release|Any CPU
		{8D19230E-0F87-4B2C-9E6D-957B6452B1D0}.Ad-Hoc|Any CPU.Deploy.0 = Release|Any CPU
		{8D19230E-0F87-4B2C-9E6D-957B6452B1D0}.Ad-Hoc|iPhone.ActiveCfg = Release|Any CPU
		{8D19230E-0F87-4B2C-9E6D-957B6452B1D0}.Ad-Hoc|iPhone.Build.0 = Release|Any CPU
		{8D19230E-0F87-4B2C-9E6D-957B6452B1D0}.Ad-Hoc|iPhone.Deploy.0 = Release|Any CPU
		{8D19230E-0F87-4B2C-9E6D-957B6452B1D0}.Ad-Hoc|iPhoneSimulator.ActiveCfg = Release|Any CPU
		{8D19230E-0F87-4B2C-9E6D-957B6452B1D0}.Ad-Hoc|iPhoneSimulator.Build.0 = Release|Any CPU
		{8D19230E-0F87-4B2C-9E6D-957B6452B1D0}.Ad-Hoc|iPhoneSimulator.Deploy.0 = Release|Any CPU
		{8D19230E-0F87-4B2C-9E6D-957B6452B1D0}.AppStore|Any CPU.ActiveCfg = Release|Any CPU
		{8D19230E-0F87-4B2C-9E6D-957B6452B1D0}.AppStore|Any CPU.Build.0 = Release|Any CPU
		{8D19230E-0F87-4B2C-9E6D-957B6452B1D0}.AppStore|Any CPU.Deploy.0 = Release|Any CPU
		{8D19230E-0F87-4B2C-9E6D-957B6452B1D0}.AppStore|iPhone.ActiveCfg = Release|Any CPU
		{8D19230E-0F87-4B2C-9E6D-957B6452B1D0}.AppStore|iPhone.Build.0 = Release|Any CPU
		{8D19230E-0F87-4B2C-9E6D-957B6452B1D0}.AppStore|iPhone.Deploy.0 = Release|Any CPU
		{8D19230E-0F87-4B2C-9E6D-957B6452B1D0}.AppStore|iPhoneSimulator.ActiveCfg = Release|Any CPU
		{8D19230E-0F87-4B2C-9E6D-957B6452B1D0}.AppStore|iPhoneSimulator.Build.0 = Release|Any CPU
		{8D19230E-0F87-4B2C-9E6D-957B6452B1D0}.AppStore|iPhoneSimulator.Deploy.0 = Release|Any CPU
		{8D19230E-0F87-4B2C-9E6D-957B6452B1D0}.Debug|Any CPU.ActiveCfg = Debug|Any CPU
		{8D19230E-0F87-4B2C-9E6D-957B6452B1D0}.Debug|Any CPU.Build.0 = Debug|Any CPU
		{8D19230E-0F87-4B2C-9E6D-957B6452B1D0}.Debug|Any CPU.Deploy.0 = Debug|Any CPU
		{8D19230E-0F87-4B2C-9E6D-957B6452B1D0}.Debug|iPhone.ActiveCfg = Debug|Any CPU
		{8D19230E-0F87-4B2C-9E6D-957B6452B1D0}.Debug|iPhone.Build.0 = Debug|Any CPU
		{8D19230E-0F87-4B2C-9E6D-957B6452B1D0}.Debug|iPhone.Deploy.0 = Debug|Any CPU
		{8D19230E-0F87-4B2C-9E6D-957B6452B1D0}.Debug|iPhoneSimulator.ActiveCfg = Debug|Any CPU
		{8D19230E-0F87-4B2C-9E6D-957B6452B1D0}.Debug|iPhoneSimulator.Build.0 = Debug|Any CPU
		{8D19230E-0F87-4B2C-9E6D-957B6452B1D0}.Debug|iPhoneSimulator.Deploy.0 = Debug|Any CPU
		{8D19230E-0F87-4B2C-9E6D-957B6452B1D0}.Release|Any CPU.ActiveCfg = Release|Any CPU
		{8D19230E-0F87-4B2C-9E6D-957B6452B1D0}.Release|Any CPU.Build.0 = Release|Any CPU
		{8D19230E-0F87-4B2C-9E6D-957B6452B1D0}.Release|Any CPU.Deploy.0 = Release|Any CPU
		{8D19230E-0F87-4B2C-9E6D-957B6452B1D0}.Release|iPhone.ActiveCfg = Release|Any CPU
		{8D19230E-0F87-4B2C-9E6D-957B6452B1D0}.Release|iPhone.Build.0 = Release|Any CPU
		{8D19230E-0F87-4B2C-9E6D-957B6452B1D0}.Release|iPhone.Deploy.0 = Release|Any CPU
		{8D19230E-0F87-4B2C-9E6D-957B6452B1D0}.Release|iPhoneSimulator.ActiveCfg = Release|Any CPU
		{8D19230E-0F87-4B2C-9E6D-957B6452B1D0}.Release|iPhoneSimulator.Build.0 = Release|Any CPU
		{8D19230E-0F87-4B2C-9E6D-957B6452B1D0}.Release|iPhoneSimulator.Deploy.0 = Release|Any CPU
		{56D6948F-4C25-4B22-81E6-55AC50064182}.Ad-Hoc|Any CPU.ActiveCfg = Ad-Hoc|iPhone
		{56D6948F-4C25-4B22-81E6-55AC50064182}.Ad-Hoc|iPhone.ActiveCfg = Ad-Hoc|iPhone
		{56D6948F-4C25-4B22-81E6-55AC50064182}.Ad-Hoc|iPhone.Build.0 = Ad-Hoc|iPhone
		{56D6948F-4C25-4B22-81E6-55AC50064182}.Ad-Hoc|iPhoneSimulator.ActiveCfg = Ad-Hoc|iPhoneSimulator
		{56D6948F-4C25-4B22-81E6-55AC50064182}.Ad-Hoc|iPhoneSimulator.Build.0 = Ad-Hoc|iPhoneSimulator
		{56D6948F-4C25-4B22-81E6-55AC50064182}.AppStore|Any CPU.ActiveCfg = AppStore|iPhone
		{56D6948F-4C25-4B22-81E6-55AC50064182}.AppStore|iPhone.ActiveCfg = AppStore|iPhone
		{56D6948F-4C25-4B22-81E6-55AC50064182}.AppStore|iPhone.Build.0 = AppStore|iPhone
		{56D6948F-4C25-4B22-81E6-55AC50064182}.AppStore|iPhoneSimulator.ActiveCfg = AppStore|iPhoneSimulator
		{56D6948F-4C25-4B22-81E6-55AC50064182}.AppStore|iPhoneSimulator.Build.0 = AppStore|iPhoneSimulator
		{56D6948F-4C25-4B22-81E6-55AC50064182}.Debug|Any CPU.ActiveCfg = Debug|iPhone
		{56D6948F-4C25-4B22-81E6-55AC50064182}.Debug|iPhone.ActiveCfg = Debug|iPhone
		{56D6948F-4C25-4B22-81E6-55AC50064182}.Debug|iPhone.Build.0 = Debug|iPhone
		{56D6948F-4C25-4B22-81E6-55AC50064182}.Debug|iPhoneSimulator.ActiveCfg = Debug|iPhoneSimulator
		{56D6948F-4C25-4B22-81E6-55AC50064182}.Debug|iPhoneSimulator.Build.0 = Debug|iPhoneSimulator
		{56D6948F-4C25-4B22-81E6-55AC50064182}.Release|Any CPU.ActiveCfg = Release|iPhone
		{56D6948F-4C25-4B22-81E6-55AC50064182}.Release|iPhone.ActiveCfg = Release|iPhone
		{56D6948F-4C25-4B22-81E6-55AC50064182}.Release|iPhone.Build.0 = Release|iPhone
		{56D6948F-4C25-4B22-81E6-55AC50064182}.Release|iPhoneSimulator.ActiveCfg = Release|iPhoneSimulator
		{56D6948F-4C25-4B22-81E6-55AC50064182}.Release|iPhoneSimulator.Build.0 = Release|iPhoneSimulator
	EndGlobalSection
	GlobalSection(SolutionProperties) = preSolution
		HideSolutionNode = FALSE
	EndGlobalSection
EndGlobal
